// !$*UTF8*$!
{
	archiveVersion = 1;
	classes = {
	};
	objectVersion = 55;
	objects = {

/* Begin PBXBuildFile section */
		01053E7B2859EA1B0074B125 /* ImageTableViewCell.swift in Sources */ = {isa = PBXBuildFile; fileRef = 01053E7A2859EA1B0074B125 /* ImageTableViewCell.swift */; };
		01053E7D2859EC0A0074B125 /* ImageCollectionViewCell.swift in Sources */ = {isa = PBXBuildFile; fileRef = 01053E7C2859EC0A0074B125 /* ImageCollectionViewCell.swift */; };
		01053E80285B138C0074B125 /* GoogleService-Info.plist in Resources */ = {isa = PBXBuildFile; fileRef = 01053E7F285B138C0074B125 /* GoogleService-Info.plist */; };
		01053E82285B26620074B125 /* TabBarController.swift in Sources */ = {isa = PBXBuildFile; fileRef = 01053E81285B26620074B125 /* TabBarController.swift */; };
		01053E85285B2F4A0074B125 /* SearchViewController.swift in Sources */ = {isa = PBXBuildFile; fileRef = 01053E84285B2F4A0074B125 /* SearchViewController.swift */; };
		01053E87285B34680074B125 /* SearchTableViewCell.swift in Sources */ = {isa = PBXBuildFile; fileRef = 01053E86285B34680074B125 /* SearchTableViewCell.swift */; };
		01053E8C285B385C0074B125 /* ProductManager.swift in Sources */ = {isa = PBXBuildFile; fileRef = 01053E8B285B385C0074B125 /* ProductManager.swift */; };
		01053E8E285C4EFB0074B125 /* InfoTableViewCell.swift in Sources */ = {isa = PBXBuildFile; fileRef = 01053E8D285C4EFB0074B125 /* InfoTableViewCell.swift */; };
		0107F518286EDA86007E6C43 /* MessageHeaderView.xib in Resources */ = {isa = PBXBuildFile; fileRef = 0107F517286EDA86007E6C43 /* MessageHeaderView.xib */; };
		0107F51A286EDAD9007E6C43 /* MessageHeaderView.swift in Sources */ = {isa = PBXBuildFile; fileRef = 0107F519286EDAD9007E6C43 /* MessageHeaderView.swift */; };
		0107F51C286EE225007E6C43 /* ApplicationHeaderView.swift in Sources */ = {isa = PBXBuildFile; fileRef = 0107F51B286EE225007E6C43 /* ApplicationHeaderView.swift */; };
		0107F51E286EE244007E6C43 /* ApplicationHeaderView.xib in Resources */ = {isa = PBXBuildFile; fileRef = 0107F51D286EE244007E6C43 /* ApplicationHeaderView.xib */; };
		012CCEF1286C4BB600BFFE1A /* SubscribeViewController.swift in Sources */ = {isa = PBXBuildFile; fileRef = 012CCEF0286C4BB600BFFE1A /* SubscribeViewController.swift */; };
		012CCEF3286C4C7D00BFFE1A /* SubscribeTableViewCell.swift in Sources */ = {isa = PBXBuildFile; fileRef = 012CCEF2286C4C7D00BFFE1A /* SubscribeTableViewCell.swift */; };
		012CCEF5286C566900BFFE1A /* RenterTableViewCell.swift in Sources */ = {isa = PBXBuildFile; fileRef = 012CCEF4286C566900BFFE1A /* RenterTableViewCell.swift */; };
		012CCEF9286C764900BFFE1A /* UserViewController.swift in Sources */ = {isa = PBXBuildFile; fileRef = 012CCEF8286C764900BFFE1A /* UserViewController.swift */; };
		012CCEFB286C87A000BFFE1A /* SubscibeManager.swift in Sources */ = {isa = PBXBuildFile; fileRef = 012CCEFA286C87A000BFFE1A /* SubscibeManager.swift */; };
		012CCEFE286D2DA700BFFE1A /* UserPostCollectionCell.swift in Sources */ = {isa = PBXBuildFile; fileRef = 012CCEFD286D2DA700BFFE1A /* UserPostCollectionCell.swift */; };
		012CCF00286D4E0D00BFFE1A /* UserInfoCollectionCell.swift in Sources */ = {isa = PBXBuildFile; fileRef = 012CCEFF286D4E0D00BFFE1A /* UserInfoCollectionCell.swift */; };
		012CCF03286D670500BFFE1A /* sectionList.swift in Sources */ = {isa = PBXBuildFile; fileRef = 012CCF02286D670500BFFE1A /* sectionList.swift */; };
		012CCF05286D6E2C00BFFE1A /* PhotoWallHeaderReusableView.swift in Sources */ = {isa = PBXBuildFile; fileRef = 012CCF04286D6E2C00BFFE1A /* PhotoWallHeaderReusableView.swift */; };
		012CCF07286D6E3400BFFE1A /* PhotoWallHeaderReusableView.xib in Resources */ = {isa = PBXBuildFile; fileRef = 012CCF06286D6E3400BFFE1A /* PhotoWallHeaderReusableView.xib */; };
		012F24722859A53D00B891C1 /* AppDelegate.swift in Sources */ = {isa = PBXBuildFile; fileRef = 012F24712859A53D00B891C1 /* AppDelegate.swift */; };
		012F24742859A53D00B891C1 /* SceneDelegate.swift in Sources */ = {isa = PBXBuildFile; fileRef = 012F24732859A53D00B891C1 /* SceneDelegate.swift */; };
		012F24762859A53D00B891C1 /* PostViewController.swift in Sources */ = {isa = PBXBuildFile; fileRef = 012F24752859A53D00B891C1 /* PostViewController.swift */; };
		012F24792859A53D00B891C1 /* Main.storyboard in Resources */ = {isa = PBXBuildFile; fileRef = 012F24772859A53D00B891C1 /* Main.storyboard */; };
		012F247B2859A53E00B891C1 /* Assets.xcassets in Resources */ = {isa = PBXBuildFile; fileRef = 012F247A2859A53E00B891C1 /* Assets.xcassets */; };
		012F247E2859A53E00B891C1 /* LaunchScreen.storyboard in Resources */ = {isa = PBXBuildFile; fileRef = 012F247C2859A53E00B891C1 /* LaunchScreen.storyboard */; };
		0139FC7328696FD1003C3851 /* LoginViewController.swift in Sources */ = {isa = PBXBuildFile; fileRef = 0139FC7228696FD1003C3851 /* LoginViewController.swift */; };
		0139FC7528698920003C3851 /* LoginManager.swift in Sources */ = {isa = PBXBuildFile; fileRef = 0139FC7428698920003C3851 /* LoginManager.swift */; };
		0139FC7728699893003C3851 /* AccountManager.swift in Sources */ = {isa = PBXBuildFile; fileRef = 0139FC7628699893003C3851 /* AccountManager.swift */; };
		0139FC7A28699972003C3851 /* Account.swift in Sources */ = {isa = PBXBuildFile; fileRef = 0139FC7928699972003C3851 /* Account.swift */; };
		0139FC7C2869A4D5003C3851 /* SignUpViewController.swift in Sources */ = {isa = PBXBuildFile; fileRef = 0139FC7B2869A4D5003C3851 /* SignUpViewController.swift */; };
		0139FC7F286B2330003C3851 /* BookedForRenterTableViewCell.swift in Sources */ = {isa = PBXBuildFile; fileRef = 0139FC7E286B2330003C3851 /* BookedForRenterTableViewCell.swift */; };
		0139FC81286BE610003C3851 /* LeaseInTableViewCell.swift in Sources */ = {isa = PBXBuildFile; fileRef = 0139FC80286BE610003C3851 /* LeaseInTableViewCell.swift */; };
		0139FC83286BE633003C3851 /* LeaseInViewController.swift in Sources */ = {isa = PBXBuildFile; fileRef = 0139FC82286BE633003C3851 /* LeaseInViewController.swift */; };
		0139FC87286BF6A2003C3851 /* ScoreViewController.swift in Sources */ = {isa = PBXBuildFile; fileRef = 0139FC86286BF6A2003C3851 /* ScoreViewController.swift */; };
		01401F6F287297130024D1E1 /* EditPostViewController.swift in Sources */ = {isa = PBXBuildFile; fileRef = 01401F6E287297130024D1E1 /* EditPostViewController.swift */; };
		01401F71287299630024D1E1 /* EditInfoCollectionViewCell.swift in Sources */ = {isa = PBXBuildFile; fileRef = 01401F70287299630024D1E1 /* EditInfoCollectionViewCell.swift */; };
		01401F73287299780024D1E1 /* EditPostCollectionViewCell.swift in Sources */ = {isa = PBXBuildFile; fileRef = 01401F72287299780024D1E1 /* EditPostCollectionViewCell.swift */; };
		01401F76287340320024D1E1 /* WebRTCClient.swift in Sources */ = {isa = PBXBuildFile; fileRef = 01401F75287340320024D1E1 /* WebRTCClient.swift */; };
		01401F782873DCA10024D1E1 /* SessionDescription.swift in Sources */ = {isa = PBXBuildFile; fileRef = 01401F772873DCA10024D1E1 /* SessionDescription.swift */; };
		01401F7A2873E21A0024D1E1 /* IceCandidate.swift in Sources */ = {isa = PBXBuildFile; fileRef = 01401F792873E2190024D1E1 /* IceCandidate.swift */; };
		01401F7C2873EA0C0024D1E1 /* SignalingClient.swift in Sources */ = {isa = PBXBuildFile; fileRef = 01401F7B2873EA0C0024D1E1 /* SignalingClient.swift */; };
		01401F7E28740ABC0024D1E1 /* Config.swift in Sources */ = {isa = PBXBuildFile; fileRef = 01401F7D28740ABC0024D1E1 /* Config.swift */; };
		014C830B28632053006A4EC1 /* HeaderCollectionViewCell.swift in Sources */ = {isa = PBXBuildFile; fileRef = 014C830A28632053006A4EC1 /* HeaderCollectionViewCell.swift */; };
		014C830D28632072006A4EC1 /* HeaderCollectionViewCell.xib in Resources */ = {isa = PBXBuildFile; fileRef = 014C830C28632072006A4EC1 /* HeaderCollectionViewCell.xib */; };
		014C830F28636CF5006A4EC1 /* Classification.swift in Sources */ = {isa = PBXBuildFile; fileRef = 014C830E28636CF5006A4EC1 /* Classification.swift */; };
		014C83132864340B006A4EC1 /* ChatViewController.swift in Sources */ = {isa = PBXBuildFile; fileRef = 014C83122864340B006A4EC1 /* ChatViewController.swift */; };
		014C83152864365E006A4EC1 /* ChatManager.swift in Sources */ = {isa = PBXBuildFile; fileRef = 014C83142864365E006A4EC1 /* ChatManager.swift */; };
		014C83182864458B006A4EC1 /* ChatModel.swift in Sources */ = {isa = PBXBuildFile; fileRef = 014C83172864458B006A4EC1 /* ChatModel.swift */; };
		014C831A28644677006A4EC1 /* UserModel.swift in Sources */ = {isa = PBXBuildFile; fileRef = 014C831928644677006A4EC1 /* UserModel.swift */; };
		014C831D28646E45006A4EC1 /* ChatTableViewCell.swift in Sources */ = {isa = PBXBuildFile; fileRef = 014C831C28646E45006A4EC1 /* ChatTableViewCell.swift */; };
		014C83212865BD8B006A4EC1 /* ChatImageTableViewCell.swift in Sources */ = {isa = PBXBuildFile; fileRef = 014C83202865BD8B006A4EC1 /* ChatImageTableViewCell.swift */; };
		014C832328687AC5006A4EC1 /* MainGalleryViewCell.swift in Sources */ = {isa = PBXBuildFile; fileRef = 014C832228687AC5006A4EC1 /* MainGalleryViewCell.swift */; };
		014CF10D28756644006E4F4E /* CallManager.swift in Sources */ = {isa = PBXBuildFile; fileRef = 014CF10C28756644006E4F4E /* CallManager.swift */; };
		014CF10F28756AAA006E4F4E /* ProviderDelegate.swift in Sources */ = {isa = PBXBuildFile; fileRef = 014CF10E28756AAA006E4F4E /* ProviderDelegate.swift */; };
		0195EB42285CABB30015A12A /* MapViewController.swift in Sources */ = {isa = PBXBuildFile; fileRef = 0195EB41285CABB30015A12A /* MapViewController.swift */; };
		0195EB46285CD4510015A12A /* DetailViewController.swift in Sources */ = {isa = PBXBuildFile; fileRef = 0195EB45285CD4510015A12A /* DetailViewController.swift */; };
		0195EB49285CDBD50015A12A /* DetailGalleryTableViewCell.swift in Sources */ = {isa = PBXBuildFile; fileRef = 0195EB48285CDBD50015A12A /* DetailGalleryTableViewCell.swift */; };
		0195EB4B285CDCCC0015A12A /* GalleryCollectionViewCell.swift in Sources */ = {isa = PBXBuildFile; fileRef = 0195EB4A285CDCCC0015A12A /* GalleryCollectionViewCell.swift */; };
		0195EB4D285DDCDA0015A12A /* DetailInfoTableViewCell.swift in Sources */ = {isa = PBXBuildFile; fileRef = 0195EB4C285DDCDA0015A12A /* DetailInfoTableViewCell.swift */; };
		0195EB50285ECB730015A12A /* Order.swift in Sources */ = {isa = PBXBuildFile; fileRef = 0195EB4F285ECB730015A12A /* Order.swift */; };
		0195EB52285ECE3B0015A12A /* OrderManager.swift in Sources */ = {isa = PBXBuildFile; fileRef = 0195EB51285ECE3B0015A12A /* OrderManager.swift */; };
		0195EB57285EF3280015A12A /* ProfileViewController.swift in Sources */ = {isa = PBXBuildFile; fileRef = 0195EB56285EF3280015A12A /* ProfileViewController.swift */; };
		0195EB5E285EF58D0015A12A /* NotificatoinViewController.swift in Sources */ = {isa = PBXBuildFile; fileRef = 0195EB5D285EF58D0015A12A /* NotificatoinViewController.swift */; };
		0195EB60285EF5EC0015A12A /* ApplyTableViewCell.swift in Sources */ = {isa = PBXBuildFile; fileRef = 0195EB5F285EF5EC0015A12A /* ApplyTableViewCell.swift */; };
		0195EB62285EF6300015A12A /* ApplyCollectionViewCell.swift in Sources */ = {isa = PBXBuildFile; fileRef = 0195EB61285EF6300015A12A /* ApplyCollectionViewCell.swift */; };
		0195EB64285EFB8A0015A12A /* ChatListTableViewCell.swift in Sources */ = {isa = PBXBuildFile; fileRef = 0195EB63285EFB8A0015A12A /* ChatListTableViewCell.swift */; };
		0195EB67285F172D0015A12A /* BookingViewController.swift in Sources */ = {isa = PBXBuildFile; fileRef = 0195EB66285F172D0015A12A /* BookingViewController.swift */; };
		0195EB6C285F1EC30015A12A /* BookingPhotoTableViewCell.swift in Sources */ = {isa = PBXBuildFile; fileRef = 0195EB6B285F1EC30015A12A /* BookingPhotoTableViewCell.swift */; };
		0195EB6E285F1ECF0015A12A /* BookingInfoTableViewCell.swift in Sources */ = {isa = PBXBuildFile; fileRef = 0195EB6D285F1ECF0015A12A /* BookingInfoTableViewCell.swift */; };
		0195EB70285F1EF30015A12A /* BookingPhotoCollectionViewCell.swift in Sources */ = {isa = PBXBuildFile; fileRef = 0195EB6F285F1EF30015A12A /* BookingPhotoCollectionViewCell.swift */; };
		0195EB72285F76FD0015A12A /* BookedStageViewController.swift in Sources */ = {isa = PBXBuildFile; fileRef = 0195EB71285F76FD0015A12A /* BookedStageViewController.swift */; };
		0195EB74285F770D0015A12A /* RentOutViewController.swift in Sources */ = {isa = PBXBuildFile; fileRef = 0195EB73285F770D0015A12A /* RentOutViewController.swift */; };
		0195EB76285F81900015A12A /* BookedForLessorTableViewCell.swift in Sources */ = {isa = PBXBuildFile; fileRef = 0195EB75285F81900015A12A /* BookedForLessorTableViewCell.swift */; };
		0195EB78286049490015A12A /* ColorExtension.swift in Sources */ = {isa = PBXBuildFile; fileRef = 0195EB77286049490015A12A /* ColorExtension.swift */; };
		0195EB7A286050600015A12A /* RentOutTableViewCell.swift in Sources */ = {isa = PBXBuildFile; fileRef = 0195EB79286050600015A12A /* RentOutTableViewCell.swift */; };
		0195EB7C286073040015A12A /* MapView.swift in Sources */ = {isa = PBXBuildFile; fileRef = 0195EB7B286073040015A12A /* MapView.swift */; };
		0195EB7F2860830C0015A12A /* MapCollectionViewCell.swift in Sources */ = {isa = PBXBuildFile; fileRef = 0195EB7E2860830C0015A12A /* MapCollectionViewCell.swift */; };
		0195EB81286092550015A12A /* MapCollectionViewCell.xib in Resources */ = {isa = PBXBuildFile; fileRef = 0195EB80286092550015A12A /* MapCollectionViewCell.xib */; };
		01985D2D285C60FF00BCD866 /* Product.swift in Sources */ = {isa = PBXBuildFile; fileRef = 01985D2C285C60FF00BCD866 /* Product.swift */; };
		C506E71BEA3BE2F4FE3833EB /* Pods_OutdoorTribe.framework in Frameworks */ = {isa = PBXBuildFile; fileRef = EDA5D174B1216E73E2AF55B5 /* Pods_OutdoorTribe.framework */; };
/* End PBXBuildFile section */

/* Begin PBXFileReference section */
		01053E7A2859EA1B0074B125 /* ImageTableViewCell.swift */ = {isa = PBXFileReference; lastKnownFileType = sourcecode.swift; path = ImageTableViewCell.swift; sourceTree = "<group>"; };
		01053E7C2859EC0A0074B125 /* ImageCollectionViewCell.swift */ = {isa = PBXFileReference; lastKnownFileType = sourcecode.swift; path = ImageCollectionViewCell.swift; sourceTree = "<group>"; };
		01053E7F285B138C0074B125 /* GoogleService-Info.plist */ = {isa = PBXFileReference; fileEncoding = 4; lastKnownFileType = text.plist.xml; path = "GoogleService-Info.plist"; sourceTree = "<group>"; };
		01053E81285B26620074B125 /* TabBarController.swift */ = {isa = PBXFileReference; lastKnownFileType = sourcecode.swift; path = TabBarController.swift; sourceTree = "<group>"; };
		01053E84285B2F4A0074B125 /* SearchViewController.swift */ = {isa = PBXFileReference; lastKnownFileType = sourcecode.swift; path = SearchViewController.swift; sourceTree = "<group>"; };
		01053E86285B34680074B125 /* SearchTableViewCell.swift */ = {isa = PBXFileReference; lastKnownFileType = sourcecode.swift; path = SearchTableViewCell.swift; sourceTree = "<group>"; };
		01053E8B285B385C0074B125 /* ProductManager.swift */ = {isa = PBXFileReference; lastKnownFileType = sourcecode.swift; path = ProductManager.swift; sourceTree = "<group>"; };
		01053E8D285C4EFB0074B125 /* InfoTableViewCell.swift */ = {isa = PBXFileReference; lastKnownFileType = sourcecode.swift; path = InfoTableViewCell.swift; sourceTree = "<group>"; };
		0107F517286EDA86007E6C43 /* MessageHeaderView.xib */ = {isa = PBXFileReference; lastKnownFileType = file.xib; path = MessageHeaderView.xib; sourceTree = "<group>"; };
		0107F519286EDAD9007E6C43 /* MessageHeaderView.swift */ = {isa = PBXFileReference; lastKnownFileType = sourcecode.swift; path = MessageHeaderView.swift; sourceTree = "<group>"; };
		0107F51B286EE225007E6C43 /* ApplicationHeaderView.swift */ = {isa = PBXFileReference; lastKnownFileType = sourcecode.swift; path = ApplicationHeaderView.swift; sourceTree = "<group>"; };
		0107F51D286EE244007E6C43 /* ApplicationHeaderView.xib */ = {isa = PBXFileReference; lastKnownFileType = file.xib; path = ApplicationHeaderView.xib; sourceTree = "<group>"; };
		012CCEF0286C4BB600BFFE1A /* SubscribeViewController.swift */ = {isa = PBXFileReference; lastKnownFileType = sourcecode.swift; path = SubscribeViewController.swift; sourceTree = "<group>"; };
		012CCEF2286C4C7D00BFFE1A /* SubscribeTableViewCell.swift */ = {isa = PBXFileReference; lastKnownFileType = sourcecode.swift; path = SubscribeTableViewCell.swift; sourceTree = "<group>"; };
		012CCEF4286C566900BFFE1A /* RenterTableViewCell.swift */ = {isa = PBXFileReference; lastKnownFileType = sourcecode.swift; path = RenterTableViewCell.swift; sourceTree = "<group>"; };
		012CCEF8286C764900BFFE1A /* UserViewController.swift */ = {isa = PBXFileReference; lastKnownFileType = sourcecode.swift; path = UserViewController.swift; sourceTree = "<group>"; };
		012CCEFA286C87A000BFFE1A /* SubscibeManager.swift */ = {isa = PBXFileReference; lastKnownFileType = sourcecode.swift; path = SubscibeManager.swift; sourceTree = "<group>"; };
		012CCEFD286D2DA700BFFE1A /* UserPostCollectionCell.swift */ = {isa = PBXFileReference; lastKnownFileType = sourcecode.swift; path = UserPostCollectionCell.swift; sourceTree = "<group>"; };
		012CCEFF286D4E0D00BFFE1A /* UserInfoCollectionCell.swift */ = {isa = PBXFileReference; lastKnownFileType = sourcecode.swift; path = UserInfoCollectionCell.swift; sourceTree = "<group>"; };
		012CCF02286D670500BFFE1A /* sectionList.swift */ = {isa = PBXFileReference; lastKnownFileType = sourcecode.swift; path = sectionList.swift; sourceTree = "<group>"; };
		012CCF04286D6E2C00BFFE1A /* PhotoWallHeaderReusableView.swift */ = {isa = PBXFileReference; lastKnownFileType = sourcecode.swift; path = PhotoWallHeaderReusableView.swift; sourceTree = "<group>"; };
		012CCF06286D6E3400BFFE1A /* PhotoWallHeaderReusableView.xib */ = {isa = PBXFileReference; lastKnownFileType = file.xib; path = PhotoWallHeaderReusableView.xib; sourceTree = "<group>"; };
		012F246E2859A53D00B891C1 /* OutdoorTribe.app */ = {isa = PBXFileReference; explicitFileType = wrapper.application; includeInIndex = 0; path = OutdoorTribe.app; sourceTree = BUILT_PRODUCTS_DIR; };
		012F24712859A53D00B891C1 /* AppDelegate.swift */ = {isa = PBXFileReference; lastKnownFileType = sourcecode.swift; path = AppDelegate.swift; sourceTree = "<group>"; };
		012F24732859A53D00B891C1 /* SceneDelegate.swift */ = {isa = PBXFileReference; lastKnownFileType = sourcecode.swift; path = SceneDelegate.swift; sourceTree = "<group>"; };
		012F24752859A53D00B891C1 /* PostViewController.swift */ = {isa = PBXFileReference; lastKnownFileType = sourcecode.swift; path = PostViewController.swift; sourceTree = "<group>"; };
		012F24782859A53D00B891C1 /* Base */ = {isa = PBXFileReference; lastKnownFileType = file.storyboard; name = Base; path = Base.lproj/Main.storyboard; sourceTree = "<group>"; };
		012F247A2859A53E00B891C1 /* Assets.xcassets */ = {isa = PBXFileReference; lastKnownFileType = folder.assetcatalog; path = Assets.xcassets; sourceTree = "<group>"; };
		012F247D2859A53E00B891C1 /* Base */ = {isa = PBXFileReference; lastKnownFileType = file.storyboard; name = Base; path = Base.lproj/LaunchScreen.storyboard; sourceTree = "<group>"; };
		012F247F2859A53E00B891C1 /* Info.plist */ = {isa = PBXFileReference; lastKnownFileType = text.plist.xml; path = Info.plist; sourceTree = "<group>"; };
		0139FC7228696FD1003C3851 /* LoginViewController.swift */ = {isa = PBXFileReference; lastKnownFileType = sourcecode.swift; path = LoginViewController.swift; sourceTree = "<group>"; };
		0139FC7428698920003C3851 /* LoginManager.swift */ = {isa = PBXFileReference; lastKnownFileType = sourcecode.swift; path = LoginManager.swift; sourceTree = "<group>"; };
		0139FC7628699893003C3851 /* AccountManager.swift */ = {isa = PBXFileReference; lastKnownFileType = sourcecode.swift; path = AccountManager.swift; sourceTree = "<group>"; };
		0139FC7928699972003C3851 /* Account.swift */ = {isa = PBXFileReference; lastKnownFileType = sourcecode.swift; path = Account.swift; sourceTree = "<group>"; };
		0139FC7B2869A4D5003C3851 /* SignUpViewController.swift */ = {isa = PBXFileReference; lastKnownFileType = sourcecode.swift; path = SignUpViewController.swift; sourceTree = "<group>"; };
		0139FC7D2869D95B003C3851 /* OutdoorTribe.entitlements */ = {isa = PBXFileReference; lastKnownFileType = text.plist.entitlements; path = OutdoorTribe.entitlements; sourceTree = "<group>"; };
		0139FC7E286B2330003C3851 /* BookedForRenterTableViewCell.swift */ = {isa = PBXFileReference; lastKnownFileType = sourcecode.swift; path = BookedForRenterTableViewCell.swift; sourceTree = "<group>"; };
		0139FC80286BE610003C3851 /* LeaseInTableViewCell.swift */ = {isa = PBXFileReference; lastKnownFileType = sourcecode.swift; path = LeaseInTableViewCell.swift; sourceTree = "<group>"; };
		0139FC82286BE633003C3851 /* LeaseInViewController.swift */ = {isa = PBXFileReference; lastKnownFileType = sourcecode.swift; path = LeaseInViewController.swift; sourceTree = "<group>"; };
		0139FC86286BF6A2003C3851 /* ScoreViewController.swift */ = {isa = PBXFileReference; lastKnownFileType = sourcecode.swift; path = ScoreViewController.swift; sourceTree = "<group>"; };
		01401F6E287297130024D1E1 /* EditPostViewController.swift */ = {isa = PBXFileReference; lastKnownFileType = sourcecode.swift; path = EditPostViewController.swift; sourceTree = "<group>"; };
		01401F70287299630024D1E1 /* EditInfoCollectionViewCell.swift */ = {isa = PBXFileReference; lastKnownFileType = sourcecode.swift; path = EditInfoCollectionViewCell.swift; sourceTree = "<group>"; };
		01401F72287299780024D1E1 /* EditPostCollectionViewCell.swift */ = {isa = PBXFileReference; lastKnownFileType = sourcecode.swift; path = EditPostCollectionViewCell.swift; sourceTree = "<group>"; };
		01401F75287340320024D1E1 /* WebRTCClient.swift */ = {isa = PBXFileReference; lastKnownFileType = sourcecode.swift; path = WebRTCClient.swift; sourceTree = "<group>"; };
		01401F772873DCA10024D1E1 /* SessionDescription.swift */ = {isa = PBXFileReference; lastKnownFileType = sourcecode.swift; path = SessionDescription.swift; sourceTree = "<group>"; };
		01401F792873E2190024D1E1 /* IceCandidate.swift */ = {isa = PBXFileReference; lastKnownFileType = sourcecode.swift; path = IceCandidate.swift; sourceTree = "<group>"; };
		01401F7B2873EA0C0024D1E1 /* SignalingClient.swift */ = {isa = PBXFileReference; lastKnownFileType = sourcecode.swift; path = SignalingClient.swift; sourceTree = "<group>"; };
		01401F7D28740ABC0024D1E1 /* Config.swift */ = {isa = PBXFileReference; lastKnownFileType = sourcecode.swift; path = Config.swift; sourceTree = "<group>"; };
		014C830A28632053006A4EC1 /* HeaderCollectionViewCell.swift */ = {isa = PBXFileReference; lastKnownFileType = sourcecode.swift; path = HeaderCollectionViewCell.swift; sourceTree = "<group>"; };
		014C830C28632072006A4EC1 /* HeaderCollectionViewCell.xib */ = {isa = PBXFileReference; lastKnownFileType = file.xib; path = HeaderCollectionViewCell.xib; sourceTree = "<group>"; };
		014C830E28636CF5006A4EC1 /* Classification.swift */ = {isa = PBXFileReference; lastKnownFileType = sourcecode.swift; path = Classification.swift; sourceTree = "<group>"; };
		014C83122864340B006A4EC1 /* ChatViewController.swift */ = {isa = PBXFileReference; lastKnownFileType = sourcecode.swift; path = ChatViewController.swift; sourceTree = "<group>"; };
		014C83142864365E006A4EC1 /* ChatManager.swift */ = {isa = PBXFileReference; lastKnownFileType = sourcecode.swift; path = ChatManager.swift; sourceTree = "<group>"; };
		014C83172864458B006A4EC1 /* ChatModel.swift */ = {isa = PBXFileReference; lastKnownFileType = sourcecode.swift; path = ChatModel.swift; sourceTree = "<group>"; };
		014C831928644677006A4EC1 /* UserModel.swift */ = {isa = PBXFileReference; lastKnownFileType = sourcecode.swift; path = UserModel.swift; sourceTree = "<group>"; };
		014C831C28646E45006A4EC1 /* ChatTableViewCell.swift */ = {isa = PBXFileReference; lastKnownFileType = sourcecode.swift; path = ChatTableViewCell.swift; sourceTree = "<group>"; };
		014C83202865BD8B006A4EC1 /* ChatImageTableViewCell.swift */ = {isa = PBXFileReference; lastKnownFileType = sourcecode.swift; path = ChatImageTableViewCell.swift; sourceTree = "<group>"; };
		014C832228687AC5006A4EC1 /* MainGalleryViewCell.swift */ = {isa = PBXFileReference; lastKnownFileType = sourcecode.swift; path = MainGalleryViewCell.swift; sourceTree = "<group>"; };
		014CF10C28756644006E4F4E /* CallManager.swift */ = {isa = PBXFileReference; lastKnownFileType = sourcecode.swift; path = CallManager.swift; sourceTree = "<group>"; };
		014CF10E28756AAA006E4F4E /* ProviderDelegate.swift */ = {isa = PBXFileReference; lastKnownFileType = sourcecode.swift; path = ProviderDelegate.swift; sourceTree = "<group>"; };
		0195EB41285CABB30015A12A /* MapViewController.swift */ = {isa = PBXFileReference; lastKnownFileType = sourcecode.swift; path = MapViewController.swift; sourceTree = "<group>"; };
		0195EB45285CD4510015A12A /* DetailViewController.swift */ = {isa = PBXFileReference; lastKnownFileType = sourcecode.swift; path = DetailViewController.swift; sourceTree = "<group>"; };
		0195EB48285CDBD50015A12A /* DetailGalleryTableViewCell.swift */ = {isa = PBXFileReference; lastKnownFileType = sourcecode.swift; path = DetailGalleryTableViewCell.swift; sourceTree = "<group>"; };
		0195EB4A285CDCCC0015A12A /* GalleryCollectionViewCell.swift */ = {isa = PBXFileReference; lastKnownFileType = sourcecode.swift; path = GalleryCollectionViewCell.swift; sourceTree = "<group>"; };
		0195EB4C285DDCDA0015A12A /* DetailInfoTableViewCell.swift */ = {isa = PBXFileReference; lastKnownFileType = sourcecode.swift; path = DetailInfoTableViewCell.swift; sourceTree = "<group>"; };
		0195EB4F285ECB730015A12A /* Order.swift */ = {isa = PBXFileReference; lastKnownFileType = sourcecode.swift; path = Order.swift; sourceTree = "<group>"; };
		0195EB51285ECE3B0015A12A /* OrderManager.swift */ = {isa = PBXFileReference; lastKnownFileType = sourcecode.swift; path = OrderManager.swift; sourceTree = "<group>"; };
		0195EB56285EF3280015A12A /* ProfileViewController.swift */ = {isa = PBXFileReference; lastKnownFileType = sourcecode.swift; path = ProfileViewController.swift; sourceTree = "<group>"; };
		0195EB5D285EF58D0015A12A /* NotificatoinViewController.swift */ = {isa = PBXFileReference; lastKnownFileType = sourcecode.swift; path = NotificatoinViewController.swift; sourceTree = "<group>"; };
		0195EB5F285EF5EC0015A12A /* ApplyTableViewCell.swift */ = {isa = PBXFileReference; lastKnownFileType = sourcecode.swift; path = ApplyTableViewCell.swift; sourceTree = "<group>"; };
		0195EB61285EF6300015A12A /* ApplyCollectionViewCell.swift */ = {isa = PBXFileReference; lastKnownFileType = sourcecode.swift; path = ApplyCollectionViewCell.swift; sourceTree = "<group>"; };
		0195EB63285EFB8A0015A12A /* ChatListTableViewCell.swift */ = {isa = PBXFileReference; lastKnownFileType = sourcecode.swift; path = ChatListTableViewCell.swift; sourceTree = "<group>"; };
		0195EB66285F172D0015A12A /* BookingViewController.swift */ = {isa = PBXFileReference; lastKnownFileType = sourcecode.swift; path = BookingViewController.swift; sourceTree = "<group>"; };
		0195EB6B285F1EC30015A12A /* BookingPhotoTableViewCell.swift */ = {isa = PBXFileReference; lastKnownFileType = sourcecode.swift; path = BookingPhotoTableViewCell.swift; sourceTree = "<group>"; };
		0195EB6D285F1ECF0015A12A /* BookingInfoTableViewCell.swift */ = {isa = PBXFileReference; lastKnownFileType = sourcecode.swift; path = BookingInfoTableViewCell.swift; sourceTree = "<group>"; };
		0195EB6F285F1EF30015A12A /* BookingPhotoCollectionViewCell.swift */ = {isa = PBXFileReference; lastKnownFileType = sourcecode.swift; path = BookingPhotoCollectionViewCell.swift; sourceTree = "<group>"; };
		0195EB71285F76FD0015A12A /* BookedStageViewController.swift */ = {isa = PBXFileReference; lastKnownFileType = sourcecode.swift; path = BookedStageViewController.swift; sourceTree = "<group>"; };
		0195EB73285F770D0015A12A /* RentOutViewController.swift */ = {isa = PBXFileReference; lastKnownFileType = sourcecode.swift; path = RentOutViewController.swift; sourceTree = "<group>"; };
		0195EB75285F81900015A12A /* BookedForLessorTableViewCell.swift */ = {isa = PBXFileReference; lastKnownFileType = sourcecode.swift; path = BookedForLessorTableViewCell.swift; sourceTree = "<group>"; };
		0195EB77286049490015A12A /* ColorExtension.swift */ = {isa = PBXFileReference; lastKnownFileType = sourcecode.swift; path = ColorExtension.swift; sourceTree = "<group>"; };
		0195EB79286050600015A12A /* RentOutTableViewCell.swift */ = {isa = PBXFileReference; lastKnownFileType = sourcecode.swift; path = RentOutTableViewCell.swift; sourceTree = "<group>"; };
		0195EB7B286073040015A12A /* MapView.swift */ = {isa = PBXFileReference; lastKnownFileType = sourcecode.swift; path = MapView.swift; sourceTree = "<group>"; };
		0195EB7E2860830C0015A12A /* MapCollectionViewCell.swift */ = {isa = PBXFileReference; lastKnownFileType = sourcecode.swift; path = MapCollectionViewCell.swift; sourceTree = "<group>"; };
		0195EB80286092550015A12A /* MapCollectionViewCell.xib */ = {isa = PBXFileReference; lastKnownFileType = file.xib; path = MapCollectionViewCell.xib; sourceTree = "<group>"; };
		01985D2C285C60FF00BCD866 /* Product.swift */ = {isa = PBXFileReference; lastKnownFileType = sourcecode.swift; path = Product.swift; sourceTree = "<group>"; };
		0E0B4ECBCD96D3042D7A6FC4 /* Pods-OutdoorTribe.debug.xcconfig */ = {isa = PBXFileReference; includeInIndex = 1; lastKnownFileType = text.xcconfig; name = "Pods-OutdoorTribe.debug.xcconfig"; path = "Target Support Files/Pods-OutdoorTribe/Pods-OutdoorTribe.debug.xcconfig"; sourceTree = "<group>"; };
		3928DF2F39D836799E1DEA99 /* Pods-OutdoorTribe.release.xcconfig */ = {isa = PBXFileReference; includeInIndex = 1; lastKnownFileType = text.xcconfig; name = "Pods-OutdoorTribe.release.xcconfig"; path = "Target Support Files/Pods-OutdoorTribe/Pods-OutdoorTribe.release.xcconfig"; sourceTree = "<group>"; };
		EDA5D174B1216E73E2AF55B5 /* Pods_OutdoorTribe.framework */ = {isa = PBXFileReference; explicitFileType = wrapper.framework; includeInIndex = 0; path = Pods_OutdoorTribe.framework; sourceTree = BUILT_PRODUCTS_DIR; };
/* End PBXFileReference section */

/* Begin PBXFrameworksBuildPhase section */
		012F246B2859A53D00B891C1 /* Frameworks */ = {
			isa = PBXFrameworksBuildPhase;
			buildActionMask = 2147483647;
			files = (
				C506E71BEA3BE2F4FE3833EB /* Pods_OutdoorTribe.framework in Frameworks */,
			);
			runOnlyForDeploymentPostprocessing = 0;
		};
/* End PBXFrameworksBuildPhase section */

/* Begin PBXGroup section */
		01053E83285B2F1C0074B125 /* SearchPage */ = {
			isa = PBXGroup;
			children = (
				01053E8A285B372E0074B125 /* Model */,
				01053E89285B347C0074B125 /* Controller */,
				01053E88285B34710074B125 /* View */,
			);
			path = SearchPage;
			sourceTree = "<group>";
		};
		01053E88285B34710074B125 /* View */ = {
			isa = PBXGroup;
			children = (
				01053E86285B34680074B125 /* SearchTableViewCell.swift */,
				014C832228687AC5006A4EC1 /* MainGalleryViewCell.swift */,
				014C830A28632053006A4EC1 /* HeaderCollectionViewCell.swift */,
				014C830C28632072006A4EC1 /* HeaderCollectionViewCell.xib */,
			);
			path = View;
			sourceTree = "<group>";
		};
		01053E89285B347C0074B125 /* Controller */ = {
			isa = PBXGroup;
			children = (
				01053E84285B2F4A0074B125 /* SearchViewController.swift */,
			);
			path = Controller;
			sourceTree = "<group>";
		};
		01053E8A285B372E0074B125 /* Model */ = {
			isa = PBXGroup;
			children = (
				01985D2C285C60FF00BCD866 /* Product.swift */,
				014C830E28636CF5006A4EC1 /* Classification.swift */,
			);
			path = Model;
			sourceTree = "<group>";
		};
		012CCEED286C4B7900BFFE1A /* SubscribePage */ = {
			isa = PBXGroup;
			children = (
				012CCEEF286C4BA800BFFE1A /* View */,
				012CCEEE286C4BA100BFFE1A /* Controller */,
			);
			path = SubscribePage;
			sourceTree = "<group>";
		};
		012CCEEE286C4BA100BFFE1A /* Controller */ = {
			isa = PBXGroup;
			children = (
				012CCEF0286C4BB600BFFE1A /* SubscribeViewController.swift */,
			);
			path = Controller;
			sourceTree = "<group>";
		};
		012CCEEF286C4BA800BFFE1A /* View */ = {
			isa = PBXGroup;
			children = (
				012CCEF2286C4C7D00BFFE1A /* SubscribeTableViewCell.swift */,
			);
			path = View;
			sourceTree = "<group>";
		};
		012CCEF6286C75F900BFFE1A /* UserPage */ = {
			isa = PBXGroup;
			children = (
				012CCF01286D66AC00BFFE1A /* Model */,
				012CCEFC286D2D7400BFFE1A /* View */,
				012CCEF7286C761600BFFE1A /* Controller */,
			);
			path = UserPage;
			sourceTree = "<group>";
		};
		012CCEF7286C761600BFFE1A /* Controller */ = {
			isa = PBXGroup;
			children = (
				012CCEF8286C764900BFFE1A /* UserViewController.swift */,
			);
			path = Controller;
			sourceTree = "<group>";
		};
		012CCEFC286D2D7400BFFE1A /* View */ = {
			isa = PBXGroup;
			children = (
				012CCEFD286D2DA700BFFE1A /* UserPostCollectionCell.swift */,
				012CCEFF286D4E0D00BFFE1A /* UserInfoCollectionCell.swift */,
				012CCF04286D6E2C00BFFE1A /* PhotoWallHeaderReusableView.swift */,
				012CCF06286D6E3400BFFE1A /* PhotoWallHeaderReusableView.xib */,
			);
			path = View;
			sourceTree = "<group>";
		};
		012CCF01286D66AC00BFFE1A /* Model */ = {
			isa = PBXGroup;
			children = (
				012CCF02286D670500BFFE1A /* sectionList.swift */,
			);
			path = Model;
			sourceTree = "<group>";
		};
		012F24652859A53D00B891C1 = {
			isa = PBXGroup;
			children = (
				012F24702859A53D00B891C1 /* OutdoorTribe */,
				012F246F2859A53D00B891C1 /* Products */,
				7C3C22C040AACC32FC3FBC61 /* Pods */,
				EA88BB61A3E577606B5FC9ED /* Frameworks */,
			);
			sourceTree = "<group>";
		};
		012F246F2859A53D00B891C1 /* Products */ = {
			isa = PBXGroup;
			children = (
				012F246E2859A53D00B891C1 /* OutdoorTribe.app */,
			);
			name = Products;
			sourceTree = "<group>";
		};
		012F24702859A53D00B891C1 /* OutdoorTribe */ = {
			isa = PBXGroup;
			children = (
				014CF10B287565FE006E4F4E /* CallKit */,
				01401F742873400F0024D1E1 /* WebRTC */,
				01401F6B287296BD0024D1E1 /* EditpostPage */,
				012CCEF6286C75F900BFFE1A /* UserPage */,
				012CCEED286C4B7900BFFE1A /* SubscribePage */,
				0139FC7D2869D95B003C3851 /* OutdoorTribe.entitlements */,
				012F24712859A53D00B891C1 /* AppDelegate.swift */,
				012F24732859A53D00B891C1 /* SceneDelegate.swift */,
				01053E81285B26620074B125 /* TabBarController.swift */,
				0139FC84286BF687003C3851 /* ScorePage */,
				01985D2B285C60E200BCD866 /* Network */,
				0139FC6F28696E7C003C3851 /* Login */,
				0195EB65285F17170015A12A /* Booking */,
				0195EB58285EF3790015A12A /* Notification */,
				0195EB53285EF2E70015A12A /* Profile */,
				0195EB43285CD4300015A12A /* Detail */,
				014C8310286433D9006A4EC1 /* Chat */,
				0195EB3F285CAB910015A12A /* MapPage */,
				014C62AC2859BED800C6D75D /* PostPage */,
				01053E83285B2F1C0074B125 /* SearchPage */,
				012F24772859A53D00B891C1 /* Main.storyboard */,
				012F247A2859A53E00B891C1 /* Assets.xcassets */,
				012F247C2859A53E00B891C1 /* LaunchScreen.storyboard */,
				01053E7F285B138C0074B125 /* GoogleService-Info.plist */,
				012F247F2859A53E00B891C1 /* Info.plist */,
				0195EB77286049490015A12A /* ColorExtension.swift */,
				014C831928644677006A4EC1 /* UserModel.swift */,
			);
			path = OutdoorTribe;
			sourceTree = "<group>";
		};
		0139FC6F28696E7C003C3851 /* Login */ = {
			isa = PBXGroup;
			children = (
				0139FC7828699968003C3851 /* Model */,
				0139FC7128696FB0003C3851 /* View */,
				0139FC7028696FA1003C3851 /* Controller */,
			);
			path = Login;
			sourceTree = "<group>";
		};
		0139FC7028696FA1003C3851 /* Controller */ = {
			isa = PBXGroup;
			children = (
				0139FC7228696FD1003C3851 /* LoginViewController.swift */,
				0139FC7B2869A4D5003C3851 /* SignUpViewController.swift */,
			);
			path = Controller;
			sourceTree = "<group>";
		};
		0139FC7128696FB0003C3851 /* View */ = {
			isa = PBXGroup;
			children = (
			);
			path = View;
			sourceTree = "<group>";
		};
		0139FC7828699968003C3851 /* Model */ = {
			isa = PBXGroup;
			children = (
				0139FC7928699972003C3851 /* Account.swift */,
			);
			path = Model;
			sourceTree = "<group>";
		};
		0139FC84286BF687003C3851 /* ScorePage */ = {
			isa = PBXGroup;
			children = (
				0139FC85286BF692003C3851 /* Controller */,
			);
			path = ScorePage;
			sourceTree = "<group>";
		};
		0139FC85286BF692003C3851 /* Controller */ = {
			isa = PBXGroup;
			children = (
				0139FC86286BF6A2003C3851 /* ScoreViewController.swift */,
			);
			path = Controller;
			sourceTree = "<group>";
		};
		01401F6B287296BD0024D1E1 /* EditpostPage */ = {
			isa = PBXGroup;
			children = (
				01401F6D287296D10024D1E1 /* View */,
				01401F6C287296CB0024D1E1 /* Controller */,
			);
			path = EditpostPage;
			sourceTree = "<group>";
		};
		01401F6C287296CB0024D1E1 /* Controller */ = {
			isa = PBXGroup;
			children = (
				01401F6E287297130024D1E1 /* EditPostViewController.swift */,
			);
			path = Controller;
			sourceTree = "<group>";
		};
		01401F6D287296D10024D1E1 /* View */ = {
			isa = PBXGroup;
			children = (
				01401F70287299630024D1E1 /* EditInfoCollectionViewCell.swift */,
				01401F72287299780024D1E1 /* EditPostCollectionViewCell.swift */,
			);
			path = View;
			sourceTree = "<group>";
		};
		01401F742873400F0024D1E1 /* WebRTC */ = {
			isa = PBXGroup;
			children = (
				01401F75287340320024D1E1 /* WebRTCClient.swift */,
				01401F7B2873EA0C0024D1E1 /* SignalingClient.swift */,
				01401F772873DCA10024D1E1 /* SessionDescription.swift */,
				01401F792873E2190024D1E1 /* IceCandidate.swift */,
				01401F7D28740ABC0024D1E1 /* Config.swift */,
			);
			path = WebRTC;
			sourceTree = "<group>";
		};
		014C62AC2859BED800C6D75D /* PostPage */ = {
			isa = PBXGroup;
			children = (
				014C62AE2859C48300C6D75D /* View */,
				014C62AD2859BF6700C6D75D /* Controller */,
			);
			path = PostPage;
			sourceTree = "<group>";
		};
		014C62AD2859BF6700C6D75D /* Controller */ = {
			isa = PBXGroup;
			children = (
				012F24752859A53D00B891C1 /* PostViewController.swift */,
			);
			path = Controller;
			sourceTree = "<group>";
		};
		014C62AE2859C48300C6D75D /* View */ = {
			isa = PBXGroup;
			children = (
				01053E7A2859EA1B0074B125 /* ImageTableViewCell.swift */,
				01053E7C2859EC0A0074B125 /* ImageCollectionViewCell.swift */,
				01053E8D285C4EFB0074B125 /* InfoTableViewCell.swift */,
			);
			path = View;
			sourceTree = "<group>";
		};
		014C8310286433D9006A4EC1 /* Chat */ = {
			isa = PBXGroup;
			children = (
				014C831B28646E05006A4EC1 /* View */,
				014C831628644568006A4EC1 /* Model */,
				014C8311286433F2006A4EC1 /* Controller */,
			);
			path = Chat;
			sourceTree = "<group>";
		};
		014C8311286433F2006A4EC1 /* Controller */ = {
			isa = PBXGroup;
			children = (
				014C83122864340B006A4EC1 /* ChatViewController.swift */,
			);
			path = Controller;
			sourceTree = "<group>";
		};
		014C831628644568006A4EC1 /* Model */ = {
			isa = PBXGroup;
			children = (
				014C83172864458B006A4EC1 /* ChatModel.swift */,
			);
			path = Model;
			sourceTree = "<group>";
		};
		014C831B28646E05006A4EC1 /* View */ = {
			isa = PBXGroup;
			children = (
				014C831C28646E45006A4EC1 /* ChatTableViewCell.swift */,
				014C83202865BD8B006A4EC1 /* ChatImageTableViewCell.swift */,
			);
			path = View;
			sourceTree = "<group>";
		};
		014CF10B287565FE006E4F4E /* CallKit */ = {
			isa = PBXGroup;
			children = (
				014CF10C28756644006E4F4E /* CallManager.swift */,
				014CF10E28756AAA006E4F4E /* ProviderDelegate.swift */,
			);
			path = CallKit;
			sourceTree = "<group>";
		};
		0195EB3F285CAB910015A12A /* MapPage */ = {
			isa = PBXGroup;
			children = (
				0195EB7D286082DF0015A12A /* View */,
				0195EB40285CAB9D0015A12A /* Controller */,
			);
			path = MapPage;
			sourceTree = "<group>";
		};
		0195EB40285CAB9D0015A12A /* Controller */ = {
			isa = PBXGroup;
			children = (
				0195EB41285CABB30015A12A /* MapViewController.swift */,
			);
			path = Controller;
			sourceTree = "<group>";
		};
		0195EB43285CD4300015A12A /* Detail */ = {
			isa = PBXGroup;
			children = (
				0195EB4E285ECB640015A12A /* Model */,
				0195EB47285CDBBC0015A12A /* View */,
				0195EB44285CD4420015A12A /* Controller */,
			);
			path = Detail;
			sourceTree = "<group>";
		};
		0195EB44285CD4420015A12A /* Controller */ = {
			isa = PBXGroup;
			children = (
				0195EB45285CD4510015A12A /* DetailViewController.swift */,
			);
			path = Controller;
			sourceTree = "<group>";
		};
		0195EB47285CDBBC0015A12A /* View */ = {
			isa = PBXGroup;
			children = (
				0195EB48285CDBD50015A12A /* DetailGalleryTableViewCell.swift */,
				0195EB4A285CDCCC0015A12A /* GalleryCollectionViewCell.swift */,
				0195EB4C285DDCDA0015A12A /* DetailInfoTableViewCell.swift */,
				012CCEF4286C566900BFFE1A /* RenterTableViewCell.swift */,
			);
			path = View;
			sourceTree = "<group>";
		};
		0195EB4E285ECB640015A12A /* Model */ = {
			isa = PBXGroup;
			children = (
				0195EB4F285ECB730015A12A /* Order.swift */,
			);
			path = Model;
			sourceTree = "<group>";
		};
		0195EB53285EF2E70015A12A /* Profile */ = {
			isa = PBXGroup;
			children = (
				0195EB55285EF30E0015A12A /* View */,
				0195EB54285EF3010015A12A /* Controller */,
			);
			path = Profile;
			sourceTree = "<group>";
		};
		0195EB54285EF3010015A12A /* Controller */ = {
			isa = PBXGroup;
			children = (
				0195EB56285EF3280015A12A /* ProfileViewController.swift */,
				0195EB73285F770D0015A12A /* RentOutViewController.swift */,
				0139FC82286BE633003C3851 /* LeaseInViewController.swift */,
				0195EB71285F76FD0015A12A /* BookedStageViewController.swift */,
			);
			path = Controller;
			sourceTree = "<group>";
		};
		0195EB55285EF30E0015A12A /* View */ = {
			isa = PBXGroup;
			children = (
				0195EB75285F81900015A12A /* BookedForLessorTableViewCell.swift */,
				0139FC7E286B2330003C3851 /* BookedForRenterTableViewCell.swift */,
				0195EB79286050600015A12A /* RentOutTableViewCell.swift */,
				0139FC80286BE610003C3851 /* LeaseInTableViewCell.swift */,
			);
			path = View;
			sourceTree = "<group>";
		};
		0195EB58285EF3790015A12A /* Notification */ = {
			isa = PBXGroup;
			children = (
				0195EB5A285EF3BD0015A12A /* View */,
				0195EB59285EF39D0015A12A /* Viewcontroller */,
			);
			path = Notification;
			sourceTree = "<group>";
		};
		0195EB59285EF39D0015A12A /* Viewcontroller */ = {
			isa = PBXGroup;
			children = (
				0195EB5D285EF58D0015A12A /* NotificatoinViewController.swift */,
			);
			path = Viewcontroller;
			sourceTree = "<group>";
		};
		0195EB5A285EF3BD0015A12A /* View */ = {
			isa = PBXGroup;
			children = (
				0195EB5F285EF5EC0015A12A /* ApplyTableViewCell.swift */,
				0195EB61285EF6300015A12A /* ApplyCollectionViewCell.swift */,
				0195EB63285EFB8A0015A12A /* ChatListTableViewCell.swift */,
				0107F519286EDAD9007E6C43 /* MessageHeaderView.swift */,
				0107F51B286EE225007E6C43 /* ApplicationHeaderView.swift */,
				0107F517286EDA86007E6C43 /* MessageHeaderView.xib */,
				0107F51D286EE244007E6C43 /* ApplicationHeaderView.xib */,
			);
			path = View;
			sourceTree = "<group>";
		};
		0195EB65285F17170015A12A /* Booking */ = {
			isa = PBXGroup;
			children = (
				0195EB6A285F1EA70015A12A /* View */,
				0195EB69285F1E910015A12A /* Controller */,
			);
			path = Booking;
			sourceTree = "<group>";
		};
		0195EB69285F1E910015A12A /* Controller */ = {
			isa = PBXGroup;
			children = (
				0195EB66285F172D0015A12A /* BookingViewController.swift */,
			);
			path = Controller;
			sourceTree = "<group>";
		};
		0195EB6A285F1EA70015A12A /* View */ = {
			isa = PBXGroup;
			children = (
				0195EB6B285F1EC30015A12A /* BookingPhotoTableViewCell.swift */,
				0195EB6F285F1EF30015A12A /* BookingPhotoCollectionViewCell.swift */,
				0195EB6D285F1ECF0015A12A /* BookingInfoTableViewCell.swift */,
			);
			path = View;
			sourceTree = "<group>";
		};
		0195EB7D286082DF0015A12A /* View */ = {
			isa = PBXGroup;
			children = (
				0195EB7B286073040015A12A /* MapView.swift */,
				0195EB7E2860830C0015A12A /* MapCollectionViewCell.swift */,
				0195EB80286092550015A12A /* MapCollectionViewCell.xib */,
			);
			path = View;
			sourceTree = "<group>";
		};
		01985D2B285C60E200BCD866 /* Network */ = {
			isa = PBXGroup;
			children = (
				01053E8B285B385C0074B125 /* ProductManager.swift */,
				0195EB51285ECE3B0015A12A /* OrderManager.swift */,
				014C83142864365E006A4EC1 /* ChatManager.swift */,
				0139FC7428698920003C3851 /* LoginManager.swift */,
				012CCEFA286C87A000BFFE1A /* SubscibeManager.swift */,
				0139FC7628699893003C3851 /* AccountManager.swift */,
			);
			path = Network;
			sourceTree = "<group>";
		};
		7C3C22C040AACC32FC3FBC61 /* Pods */ = {
			isa = PBXGroup;
			children = (
				0E0B4ECBCD96D3042D7A6FC4 /* Pods-OutdoorTribe.debug.xcconfig */,
				3928DF2F39D836799E1DEA99 /* Pods-OutdoorTribe.release.xcconfig */,
			);
			path = Pods;
			sourceTree = "<group>";
		};
		EA88BB61A3E577606B5FC9ED /* Frameworks */ = {
			isa = PBXGroup;
			children = (
				EDA5D174B1216E73E2AF55B5 /* Pods_OutdoorTribe.framework */,
			);
			name = Frameworks;
			sourceTree = "<group>";
		};
/* End PBXGroup section */

/* Begin PBXNativeTarget section */
		012F246D2859A53D00B891C1 /* OutdoorTribe */ = {
			isa = PBXNativeTarget;
			buildConfigurationList = 012F24822859A53E00B891C1 /* Build configuration list for PBXNativeTarget "OutdoorTribe" */;
			buildPhases = (
				6B66E3F09EB4E37686DE4805 /* [CP] Check Pods Manifest.lock */,
				012F246A2859A53D00B891C1 /* Sources */,
				012F246B2859A53D00B891C1 /* Frameworks */,
				012F246C2859A53D00B891C1 /* Resources */,
				630C9F04CC101886B9FD8009 /* [CP] Embed Pods Frameworks */,
				01053E7E2859FC7D0074B125 /* SwiftLint */,
			);
			buildRules = (
			);
			dependencies = (
			);
			name = OutdoorTribe;
			productName = OutdoorTribe;
			productReference = 012F246E2859A53D00B891C1 /* OutdoorTribe.app */;
			productType = "com.apple.product-type.application";
		};
/* End PBXNativeTarget section */

/* Begin PBXProject section */
		012F24662859A53D00B891C1 /* Project object */ = {
			isa = PBXProject;
			attributes = {
				BuildIndependentTargetsInParallel = 1;
				LastSwiftUpdateCheck = 1320;
				LastUpgradeCheck = 1320;
				TargetAttributes = {
					012F246D2859A53D00B891C1 = {
						CreatedOnToolsVersion = 13.2.1;
					};
				};
			};
			buildConfigurationList = 012F24692859A53D00B891C1 /* Build configuration list for PBXProject "OutdoorTribe" */;
			compatibilityVersion = "Xcode 13.0";
			developmentRegion = en;
			hasScannedForEncodings = 0;
			knownRegions = (
				en,
				Base,
			);
			mainGroup = 012F24652859A53D00B891C1;
			productRefGroup = 012F246F2859A53D00B891C1 /* Products */;
			projectDirPath = "";
			projectRoot = "";
			targets = (
				012F246D2859A53D00B891C1 /* OutdoorTribe */,
			);
		};
/* End PBXProject section */

/* Begin PBXResourcesBuildPhase section */
		012F246C2859A53D00B891C1 /* Resources */ = {
			isa = PBXResourcesBuildPhase;
			buildActionMask = 2147483647;
			files = (
				0107F51E286EE244007E6C43 /* ApplicationHeaderView.xib in Resources */,
				012CCF07286D6E3400BFFE1A /* PhotoWallHeaderReusableView.xib in Resources */,
				012F247E2859A53E00B891C1 /* LaunchScreen.storyboard in Resources */,
				01053E80285B138C0074B125 /* GoogleService-Info.plist in Resources */,
				0195EB81286092550015A12A /* MapCollectionViewCell.xib in Resources */,
				012F247B2859A53E00B891C1 /* Assets.xcassets in Resources */,
				012F24792859A53D00B891C1 /* Main.storyboard in Resources */,
				014C830D28632072006A4EC1 /* HeaderCollectionViewCell.xib in Resources */,
				0107F518286EDA86007E6C43 /* MessageHeaderView.xib in Resources */,
			);
			runOnlyForDeploymentPostprocessing = 0;
		};
/* End PBXResourcesBuildPhase section */

/* Begin PBXShellScriptBuildPhase section */
		01053E7E2859FC7D0074B125 /* SwiftLint */ = {
			isa = PBXShellScriptBuildPhase;
			buildActionMask = 2147483647;
			files = (
			);
			inputFileListPaths = (
			);
			inputPaths = (
			);
			name = SwiftLint;
			outputFileListPaths = (
			);
			outputPaths = (
			);
			runOnlyForDeploymentPostprocessing = 0;
			shellPath = /bin/sh;
			shellScript = "\"${PODS_ROOT}/SwiftLint/swiftlint\"\n\n";
		};
		630C9F04CC101886B9FD8009 /* [CP] Embed Pods Frameworks */ = {
			isa = PBXShellScriptBuildPhase;
			buildActionMask = 2147483647;
			files = (
			);
			inputFileListPaths = (
				"${PODS_ROOT}/Target Support Files/Pods-OutdoorTribe/Pods-OutdoorTribe-frameworks-${CONFIGURATION}-input-files.xcfilelist",
			);
			name = "[CP] Embed Pods Frameworks";
			outputFileListPaths = (
				"${PODS_ROOT}/Target Support Files/Pods-OutdoorTribe/Pods-OutdoorTribe-frameworks-${CONFIGURATION}-output-files.xcfilelist",
			);
			runOnlyForDeploymentPostprocessing = 0;
			shellPath = /bin/sh;
			shellScript = "\"${PODS_ROOT}/Target Support Files/Pods-OutdoorTribe/Pods-OutdoorTribe-frameworks.sh\"\n";
			showEnvVarsInLog = 0;
		};
		6B66E3F09EB4E37686DE4805 /* [CP] Check Pods Manifest.lock */ = {
			isa = PBXShellScriptBuildPhase;
			buildActionMask = 2147483647;
			files = (
			);
			inputFileListPaths = (
			);
			inputPaths = (
				"${PODS_PODFILE_DIR_PATH}/Podfile.lock",
				"${PODS_ROOT}/Manifest.lock",
			);
			name = "[CP] Check Pods Manifest.lock";
			outputFileListPaths = (
			);
			outputPaths = (
				"$(DERIVED_FILE_DIR)/Pods-OutdoorTribe-checkManifestLockResult.txt",
			);
			runOnlyForDeploymentPostprocessing = 0;
			shellPath = /bin/sh;
			shellScript = "diff \"${PODS_PODFILE_DIR_PATH}/Podfile.lock\" \"${PODS_ROOT}/Manifest.lock\" > /dev/null\nif [ $? != 0 ] ; then\n    # print error to STDERR\n    echo \"error: The sandbox is not in sync with the Podfile.lock. Run 'pod install' or update your CocoaPods installation.\" >&2\n    exit 1\nfi\n# This output is used by Xcode 'outputs' to avoid re-running this script phase.\necho \"SUCCESS\" > \"${SCRIPT_OUTPUT_FILE_0}\"\n";
			showEnvVarsInLog = 0;
		};
/* End PBXShellScriptBuildPhase section */

/* Begin PBXSourcesBuildPhase section */
		012F246A2859A53D00B891C1 /* Sources */ = {
			isa = PBXSourcesBuildPhase;
			buildActionMask = 2147483647;
			files = (
				0195EB46285CD4510015A12A /* DetailViewController.swift in Sources */,
				0195EB4B285CDCCC0015A12A /* GalleryCollectionViewCell.swift in Sources */,
				012F24762859A53D00B891C1 /* PostViewController.swift in Sources */,
				0139FC7728699893003C3851 /* AccountManager.swift in Sources */,
				01401F76287340320024D1E1 /* WebRTCClient.swift in Sources */,
				01401F7A2873E21A0024D1E1 /* IceCandidate.swift in Sources */,
				0139FC7F286B2330003C3851 /* BookedForRenterTableViewCell.swift in Sources */,
				0195EB7F2860830C0015A12A /* MapCollectionViewCell.swift in Sources */,
				012CCEF3286C4C7D00BFFE1A /* SubscribeTableViewCell.swift in Sources */,
				012CCF05286D6E2C00BFFE1A /* PhotoWallHeaderReusableView.swift in Sources */,
				0195EB49285CDBD50015A12A /* DetailGalleryTableViewCell.swift in Sources */,
				0107F51C286EE225007E6C43 /* ApplicationHeaderView.swift in Sources */,
				0139FC7528698920003C3851 /* LoginManager.swift in Sources */,
				012CCEFB286C87A000BFFE1A /* SubscibeManager.swift in Sources */,
				01053E8E285C4EFB0074B125 /* InfoTableViewCell.swift in Sources */,
				0195EB62285EF6300015A12A /* ApplyCollectionViewCell.swift in Sources */,
				014C831D28646E45006A4EC1 /* ChatTableViewCell.swift in Sources */,
				01053E85285B2F4A0074B125 /* SearchViewController.swift in Sources */,
				01401F71287299630024D1E1 /* EditInfoCollectionViewCell.swift in Sources */,
				0139FC83286BE633003C3851 /* LeaseInViewController.swift in Sources */,
				014C830B28632053006A4EC1 /* HeaderCollectionViewCell.swift in Sources */,
				0195EB52285ECE3B0015A12A /* OrderManager.swift in Sources */,
				0195EB64285EFB8A0015A12A /* ChatListTableViewCell.swift in Sources */,
				0139FC81286BE610003C3851 /* LeaseInTableViewCell.swift in Sources */,
				014C830F28636CF5006A4EC1 /* Classification.swift in Sources */,
				0139FC7A28699972003C3851 /* Account.swift in Sources */,
				0195EB7A286050600015A12A /* RentOutTableViewCell.swift in Sources */,
				012CCEFE286D2DA700BFFE1A /* UserPostCollectionCell.swift in Sources */,
				0195EB74285F770D0015A12A /* RentOutViewController.swift in Sources */,
				0195EB70285F1EF30015A12A /* BookingPhotoCollectionViewCell.swift in Sources */,
				0195EB50285ECB730015A12A /* Order.swift in Sources */,
				01053E7D2859EC0A0074B125 /* ImageCollectionViewCell.swift in Sources */,
				014C83182864458B006A4EC1 /* ChatModel.swift in Sources */,
				0107F51A286EDAD9007E6C43 /* MessageHeaderView.swift in Sources */,
				014C831A28644677006A4EC1 /* UserModel.swift in Sources */,
				01401F7C2873EA0C0024D1E1 /* SignalingClient.swift in Sources */,
				0195EB57285EF3280015A12A /* ProfileViewController.swift in Sources */,
				014C83212865BD8B006A4EC1 /* ChatImageTableViewCell.swift in Sources */,
				01401F6F287297130024D1E1 /* EditPostViewController.swift in Sources */,
				01401F73287299780024D1E1 /* EditPostCollectionViewCell.swift in Sources */,
				012CCEF5286C566900BFFE1A /* RenterTableViewCell.swift in Sources */,
				0195EB60285EF5EC0015A12A /* ApplyTableViewCell.swift in Sources */,
				01053E7B2859EA1B0074B125 /* ImageTableViewCell.swift in Sources */,
				012CCEF1286C4BB600BFFE1A /* SubscribeViewController.swift in Sources */,
				012CCF00286D4E0D00BFFE1A /* UserInfoCollectionCell.swift in Sources */,
				0195EB76285F81900015A12A /* BookedForLessorTableViewCell.swift in Sources */,
				012CCF03286D670500BFFE1A /* sectionList.swift in Sources */,
				0139FC87286BF6A2003C3851 /* ScoreViewController.swift in Sources */,
				01985D2D285C60FF00BCD866 /* Product.swift in Sources */,
				01053E8C285B385C0074B125 /* ProductManager.swift in Sources */,
				0195EB4D285DDCDA0015A12A /* DetailInfoTableViewCell.swift in Sources */,
				014CF10D28756644006E4F4E /* CallManager.swift in Sources */,
				0195EB5E285EF58D0015A12A /* NotificatoinViewController.swift in Sources */,
				0195EB6C285F1EC30015A12A /* BookingPhotoTableViewCell.swift in Sources */,
				0195EB42285CABB30015A12A /* MapViewController.swift in Sources */,
				01053E82285B26620074B125 /* TabBarController.swift in Sources */,
				0139FC7328696FD1003C3851 /* LoginViewController.swift in Sources */,
				0195EB7C286073040015A12A /* MapView.swift in Sources */,
				014CF10F28756AAA006E4F4E /* ProviderDelegate.swift in Sources */,
				0195EB78286049490015A12A /* ColorExtension.swift in Sources */,
				01053E87285B34680074B125 /* SearchTableViewCell.swift in Sources */,
				012F24722859A53D00B891C1 /* AppDelegate.swift in Sources */,
				0195EB6E285F1ECF0015A12A /* BookingInfoTableViewCell.swift in Sources */,
				01401F782873DCA10024D1E1 /* SessionDescription.swift in Sources */,
				014C83152864365E006A4EC1 /* ChatManager.swift in Sources */,
				012CCEF9286C764900BFFE1A /* UserViewController.swift in Sources */,
				0139FC7C2869A4D5003C3851 /* SignUpViewController.swift in Sources */,
				014C83132864340B006A4EC1 /* ChatViewController.swift in Sources */,
				0195EB67285F172D0015A12A /* BookingViewController.swift in Sources */,
				0195EB72285F76FD0015A12A /* BookedStageViewController.swift in Sources */,
				014C832328687AC5006A4EC1 /* MainGalleryViewCell.swift in Sources */,
				01401F7E28740ABC0024D1E1 /* Config.swift in Sources */,
				012F24742859A53D00B891C1 /* SceneDelegate.swift in Sources */,
			);
			runOnlyForDeploymentPostprocessing = 0;
		};
/* End PBXSourcesBuildPhase section */

/* Begin PBXVariantGroup section */
		012F24772859A53D00B891C1 /* Main.storyboard */ = {
			isa = PBXVariantGroup;
			children = (
				012F24782859A53D00B891C1 /* Base */,
			);
			name = Main.storyboard;
			sourceTree = "<group>";
		};
		012F247C2859A53E00B891C1 /* LaunchScreen.storyboard */ = {
			isa = PBXVariantGroup;
			children = (
				012F247D2859A53E00B891C1 /* Base */,
			);
			name = LaunchScreen.storyboard;
			sourceTree = "<group>";
		};
/* End PBXVariantGroup section */

/* Begin XCBuildConfiguration section */
		012F24802859A53E00B891C1 /* Debug */ = {
			isa = XCBuildConfiguration;
			buildSettings = {
				ALWAYS_SEARCH_USER_PATHS = NO;
				CLANG_ANALYZER_NONNULL = YES;
				CLANG_ANALYZER_NUMBER_OBJECT_CONVERSION = YES_AGGRESSIVE;
				CLANG_CXX_LANGUAGE_STANDARD = "gnu++17";
				CLANG_CXX_LIBRARY = "libc++";
				CLANG_ENABLE_MODULES = YES;
				CLANG_ENABLE_OBJC_ARC = YES;
				CLANG_ENABLE_OBJC_WEAK = YES;
				CLANG_WARN_BLOCK_CAPTURE_AUTORELEASING = YES;
				CLANG_WARN_BOOL_CONVERSION = YES;
				CLANG_WARN_COMMA = YES;
				CLANG_WARN_CONSTANT_CONVERSION = YES;
				CLANG_WARN_DEPRECATED_OBJC_IMPLEMENTATIONS = YES;
				CLANG_WARN_DIRECT_OBJC_ISA_USAGE = YES_ERROR;
				CLANG_WARN_DOCUMENTATION_COMMENTS = YES;
				CLANG_WARN_EMPTY_BODY = YES;
				CLANG_WARN_ENUM_CONVERSION = YES;
				CLANG_WARN_INFINITE_RECURSION = YES;
				CLANG_WARN_INT_CONVERSION = YES;
				CLANG_WARN_NON_LITERAL_NULL_CONVERSION = YES;
				CLANG_WARN_OBJC_IMPLICIT_RETAIN_SELF = YES;
				CLANG_WARN_OBJC_LITERAL_CONVERSION = YES;
				CLANG_WARN_OBJC_ROOT_CLASS = YES_ERROR;
				CLANG_WARN_QUOTED_INCLUDE_IN_FRAMEWORK_HEADER = YES;
				CLANG_WARN_RANGE_LOOP_ANALYSIS = YES;
				CLANG_WARN_STRICT_PROTOTYPES = YES;
				CLANG_WARN_SUSPICIOUS_MOVE = YES;
				CLANG_WARN_UNGUARDED_AVAILABILITY = YES_AGGRESSIVE;
				CLANG_WARN_UNREACHABLE_CODE = YES;
				CLANG_WARN__DUPLICATE_METHOD_MATCH = YES;
				COPY_PHASE_STRIP = NO;
				DEBUG_INFORMATION_FORMAT = dwarf;
				ENABLE_BITCODE = NO;
				ENABLE_STRICT_OBJC_MSGSEND = YES;
				ENABLE_TESTABILITY = YES;
				"EXCLUDED_ARCHS[sdk=iphonesimulator*]" = arm64;
				GCC_C_LANGUAGE_STANDARD = gnu11;
				GCC_DYNAMIC_NO_PIC = NO;
				GCC_NO_COMMON_BLOCKS = YES;
				GCC_OPTIMIZATION_LEVEL = 0;
				GCC_PREPROCESSOR_DEFINITIONS = (
					"DEBUG=1",
					"$(inherited)",
				);
				GCC_WARN_64_TO_32_BIT_CONVERSION = YES;
				GCC_WARN_ABOUT_RETURN_TYPE = YES_ERROR;
				GCC_WARN_UNDECLARED_SELECTOR = YES;
				GCC_WARN_UNINITIALIZED_AUTOS = YES_AGGRESSIVE;
				GCC_WARN_UNUSED_FUNCTION = YES;
				GCC_WARN_UNUSED_VARIABLE = YES;
				IPHONEOS_DEPLOYMENT_TARGET = 15.0;
				MTL_ENABLE_DEBUG_INFO = INCLUDE_SOURCE;
				MTL_FAST_MATH = YES;
				ONLY_ACTIVE_ARCH = YES;
				SDKROOT = iphoneos;
				SWIFT_ACTIVE_COMPILATION_CONDITIONS = DEBUG;
				SWIFT_OPTIMIZATION_LEVEL = "-Onone";
			};
			name = Debug;
		};
		012F24812859A53E00B891C1 /* Release */ = {
			isa = XCBuildConfiguration;
			buildSettings = {
				ALWAYS_SEARCH_USER_PATHS = NO;
				CLANG_ANALYZER_NONNULL = YES;
				CLANG_ANALYZER_NUMBER_OBJECT_CONVERSION = YES_AGGRESSIVE;
				CLANG_CXX_LANGUAGE_STANDARD = "gnu++17";
				CLANG_CXX_LIBRARY = "libc++";
				CLANG_ENABLE_MODULES = YES;
				CLANG_ENABLE_OBJC_ARC = YES;
				CLANG_ENABLE_OBJC_WEAK = YES;
				CLANG_WARN_BLOCK_CAPTURE_AUTORELEASING = YES;
				CLANG_WARN_BOOL_CONVERSION = YES;
				CLANG_WARN_COMMA = YES;
				CLANG_WARN_CONSTANT_CONVERSION = YES;
				CLANG_WARN_DEPRECATED_OBJC_IMPLEMENTATIONS = YES;
				CLANG_WARN_DIRECT_OBJC_ISA_USAGE = YES_ERROR;
				CLANG_WARN_DOCUMENTATION_COMMENTS = YES;
				CLANG_WARN_EMPTY_BODY = YES;
				CLANG_WARN_ENUM_CONVERSION = YES;
				CLANG_WARN_INFINITE_RECURSION = YES;
				CLANG_WARN_INT_CONVERSION = YES;
				CLANG_WARN_NON_LITERAL_NULL_CONVERSION = YES;
				CLANG_WARN_OBJC_IMPLICIT_RETAIN_SELF = YES;
				CLANG_WARN_OBJC_LITERAL_CONVERSION = YES;
				CLANG_WARN_OBJC_ROOT_CLASS = YES_ERROR;
				CLANG_WARN_QUOTED_INCLUDE_IN_FRAMEWORK_HEADER = YES;
				CLANG_WARN_RANGE_LOOP_ANALYSIS = YES;
				CLANG_WARN_STRICT_PROTOTYPES = YES;
				CLANG_WARN_SUSPICIOUS_MOVE = YES;
				CLANG_WARN_UNGUARDED_AVAILABILITY = YES_AGGRESSIVE;
				CLANG_WARN_UNREACHABLE_CODE = YES;
				CLANG_WARN__DUPLICATE_METHOD_MATCH = YES;
				COPY_PHASE_STRIP = NO;
				DEBUG_INFORMATION_FORMAT = "dwarf-with-dsym";
				ENABLE_BITCODE = NO;
				ENABLE_NS_ASSERTIONS = NO;
				ENABLE_STRICT_OBJC_MSGSEND = YES;
				GCC_C_LANGUAGE_STANDARD = gnu11;
				GCC_NO_COMMON_BLOCKS = YES;
				GCC_WARN_64_TO_32_BIT_CONVERSION = YES;
				GCC_WARN_ABOUT_RETURN_TYPE = YES_ERROR;
				GCC_WARN_UNDECLARED_SELECTOR = YES;
				GCC_WARN_UNINITIALIZED_AUTOS = YES_AGGRESSIVE;
				GCC_WARN_UNUSED_FUNCTION = YES;
				GCC_WARN_UNUSED_VARIABLE = YES;
				IPHONEOS_DEPLOYMENT_TARGET = 15.0;
				MTL_ENABLE_DEBUG_INFO = NO;
				MTL_FAST_MATH = YES;
				ONLY_ACTIVE_ARCH = NO;
				SDKROOT = iphoneos;
				SWIFT_COMPILATION_MODE = wholemodule;
				SWIFT_OPTIMIZATION_LEVEL = "-O";
				VALIDATE_PRODUCT = YES;
			};
			name = Release;
		};
		012F24832859A53E00B891C1 /* Debug */ = {
			isa = XCBuildConfiguration;
			baseConfigurationReference = 0E0B4ECBCD96D3042D7A6FC4 /* Pods-OutdoorTribe.debug.xcconfig */;
			buildSettings = {
				ASSETCATALOG_COMPILER_APPICON_NAME = AppIcon;
				ASSETCATALOG_COMPILER_GLOBAL_ACCENT_COLOR_NAME = AccentColor;
				CODE_SIGN_ENTITLEMENTS = OutdoorTribe/OutdoorTribe.entitlements;
				CODE_SIGN_STYLE = Automatic;
				CURRENT_PROJECT_VERSION = 1;
				DEVELOPMENT_TEAM = L56CMAKYB6;
				GENERATE_INFOPLIST_FILE = YES;
				INFOPLIST_FILE = OutdoorTribe/Info.plist;
				INFOPLIST_KEY_NSLocationAlwaysAndWhenInUseUsageDescription = "";
				INFOPLIST_KEY_NSLocationWhenInUseUsageDescription = "";
				INFOPLIST_KEY_NSMicrophoneUsageDescription = "this app use mic for voice chat";
				INFOPLIST_KEY_UIApplicationSupportsIndirectInputEvents = YES;
				INFOPLIST_KEY_UILaunchStoryboardName = LaunchScreen;
				INFOPLIST_KEY_UIMainStoryboardFile = Main;
				INFOPLIST_KEY_UISupportedInterfaceOrientations_iPad = "UIInterfaceOrientationPortrait UIInterfaceOrientationPortraitUpsideDown UIInterfaceOrientationLandscapeLeft UIInterfaceOrientationLandscapeRight";
				INFOPLIST_KEY_UISupportedInterfaceOrientations_iPhone = "UIInterfaceOrientationPortrait UIInterfaceOrientationLandscapeLeft UIInterfaceOrientationLandscapeRight";
				LD_RUNPATH_SEARCH_PATHS = (
					"$(inherited)",
					"@executable_path/Frameworks",
				);
				MARKETING_VERSION = 1.2.0;
				PRODUCT_BUNDLE_IDENTIFIER = co.choujay.OutdoorTribe;
				PRODUCT_NAME = "$(TARGET_NAME)";
				SWIFT_EMIT_LOC_STRINGS = YES;
				SWIFT_VERSION = 5.0;
				TARGETED_DEVICE_FAMILY = "1,2";
			};
			name = Debug;
		};
		012F24842859A53E00B891C1 /* Release */ = {
			isa = XCBuildConfiguration;
			baseConfigurationReference = 3928DF2F39D836799E1DEA99 /* Pods-OutdoorTribe.release.xcconfig */;
			buildSettings = {
				ASSETCATALOG_COMPILER_APPICON_NAME = AppIcon;
				ASSETCATALOG_COMPILER_GLOBAL_ACCENT_COLOR_NAME = AccentColor;
				CODE_SIGN_ENTITLEMENTS = OutdoorTribe/OutdoorTribe.entitlements;
				CODE_SIGN_STYLE = Automatic;
				CURRENT_PROJECT_VERSION = 1;
				DEVELOPMENT_TEAM = L56CMAKYB6;
				GENERATE_INFOPLIST_FILE = YES;
				INFOPLIST_FILE = OutdoorTribe/Info.plist;
				INFOPLIST_KEY_NSLocationAlwaysAndWhenInUseUsageDescription = "";
				INFOPLIST_KEY_NSLocationWhenInUseUsageDescription = "";
				INFOPLIST_KEY_NSMicrophoneUsageDescription = "this app use mic for voice chat";
				INFOPLIST_KEY_UIApplicationSupportsIndirectInputEvents = YES;
				INFOPLIST_KEY_UILaunchStoryboardName = LaunchScreen;
				INFOPLIST_KEY_UIMainStoryboardFile = Main;
				INFOPLIST_KEY_UISupportedInterfaceOrientations_iPad = "UIInterfaceOrientationPortrait UIInterfaceOrientationPortraitUpsideDown UIInterfaceOrientationLandscapeLeft UIInterfaceOrientationLandscapeRight";
				INFOPLIST_KEY_UISupportedInterfaceOrientations_iPhone = "UIInterfaceOrientationPortrait UIInterfaceOrientationLandscapeLeft UIInterfaceOrientationLandscapeRight";
				LD_RUNPATH_SEARCH_PATHS = (
					"$(inherited)",
					"@executable_path/Frameworks",
				);
				MARKETING_VERSION = 1.2.0;
				ONLY_ACTIVE_ARCH = NO;
				PRODUCT_BUNDLE_IDENTIFIER = co.choujay.OutdoorTribe;
				PRODUCT_NAME = "$(TARGET_NAME)";
				SWIFT_EMIT_LOC_STRINGS = YES;
				SWIFT_VERSION = 5.0;
				TARGETED_DEVICE_FAMILY = "1,2";
			};
			name = Release;
		};
/* End XCBuildConfiguration section */

/* Begin XCConfigurationList section */
		012F24692859A53D00B891C1 /* Build configuration list for PBXProject "OutdoorTribe" */ = {
			isa = XCConfigurationList;
			buildConfigurations = (
				012F24802859A53E00B891C1 /* Debug */,
				012F24812859A53E00B891C1 /* Release */,
			);
			defaultConfigurationIsVisible = 0;
			defaultConfigurationName = Release;
		};
		012F24822859A53E00B891C1 /* Build configuration list for PBXNativeTarget "OutdoorTribe" */ = {
			isa = XCConfigurationList;
			buildConfigurations = (
				012F24832859A53E00B891C1 /* Debug */,
				012F24842859A53E00B891C1 /* Release */,
			);
			defaultConfigurationIsVisible = 0;
			defaultConfigurationName = Release;
		};
/* End XCConfigurationList section */
	};
	rootObject = 012F24662859A53D00B891C1 /* Project object */;
}
